
Microsoft Visual Studio Solution File, Format Version 12.00
# Visual Studio 15
VisualStudioVersion = 15.0.28010.2003
MinimumVisualStudioVersion = 10.0.40219.1
Project("{FAE04EC0-301F-11D3-BF4B-00C04F79EFBC}") = "libreriaToDoApp", "libreriaToDoApp\libreriaToDoApp.csproj", "{41549A67-4FA0-433B-BAE1-D5B6AD2EC0C8}"
EndProject
Project("{FAE04EC0-301F-11D3-BF4B-00C04F79EFBC}") = "ToDoApp", "ToDoApp\ToDoApp.csproj", "{3B68E46C-8F79-4933-B111-7D72ED85654D}"
EndProject
Global
	GlobalSection(SolutionConfigurationPlatforms) = preSolution
		Debug|Any CPU = Debug|Any CPU
		Release|Any CPU = Release|Any CPU
	EndGlobalSection
	GlobalSection(ProjectConfigurationPlatforms) = postSolution
		{41549A67-4FA0-433B-BAE1-D5B6AD2EC0C8}.Debug|Any CPU.ActiveCfg = Debug|Any CPU
		{41549A67-4FA0-433B-BAE1-D5B6AD2EC0C8}.Debug|Any CPU.Build.0 = Debug|Any CPU
		{41549A67-4FA0-433B-BAE1-D5B6AD2EC0C8}.Release|Any CPU.ActiveCfg = Release|Any CPU
		{41549A67-4FA0-433B-BAE1-D5B6AD2EC0C8}.Release|Any CPU.Build.0 = Release|Any CPU
		{3B68E46C-8F79-4933-B111-7D72ED85654D}.Debug|Any CPU.ActiveCfg = Debug|Any CPU
		{3B68E46C-8F79-4933-B111-7D72ED85654D}.Debug|Any CPU.Build.0 = Debug|Any CPU
		{3B68E46C-8F79-4933-B111-7D72ED85654D}.Release|Any CPU.ActiveCfg = Release|Any CPU
		{3B68E46C-8F79-4933-B111-7D72ED85654D}.Release|Any CPU.Build.0 = Release|Any CPU
	EndGlobalSection
	GlobalSection(SolutionProperties) = preSolution
		HideSolutionNode = FALSE
	EndGlobalSection
	GlobalSection(ExtensibilityGlobals) = postSolution
		SolutionGuid = {4728B149-508C-4883-BAA7-3E0D66898924}
	EndGlobalSection
EndGlobal
